// !$*UTF8*$!
{
	archiveVersion = 1;
	classes = {
	};
	objectVersion = 46;
	objects = {

/* Begin PBXBuildFile section */
		13804243192755EA005316A9 /* Foundation.framework in Frameworks */ = {isa = PBXBuildFile; fileRef = 13804242192755EA005316A9 /* Foundation.framework */; };
		13804245192755EA005316A9 /* CoreGraphics.framework in Frameworks */ = {isa = PBXBuildFile; fileRef = 13804244192755EA005316A9 /* CoreGraphics.framework */; };
		13804247192755EA005316A9 /* UIKit.framework in Frameworks */ = {isa = PBXBuildFile; fileRef = 13804246192755EA005316A9 /* UIKit.framework */; };
		1380424D192755EA005316A9 /* InfoPlist.strings in Resources */ = {isa = PBXBuildFile; fileRef = 1380424B192755EA005316A9 /* InfoPlist.strings */; };
		1380424F192755EA005316A9 /* main.m in Sources */ = {isa = PBXBuildFile; fileRef = 1380424E192755EA005316A9 /* main.m */; };
		13804253192755EA005316A9 /* OWAppDelegate.m in Sources */ = {isa = PBXBuildFile; fileRef = 13804252192755EA005316A9 /* OWAppDelegate.m */; };
		13804256192755EA005316A9 /* Main.storyboard in Resources */ = {isa = PBXBuildFile; fileRef = 13804254192755EA005316A9 /* Main.storyboard */; };
		13804259192755EA005316A9 /* OWViewController.m in Sources */ = {isa = PBXBuildFile; fileRef = 13804258192755EA005316A9 /* OWViewController.m */; };
		1380425B192755EA005316A9 /* Images.xcassets in Resources */ = {isa = PBXBuildFile; fileRef = 1380425A192755EA005316A9 /* Images.xcassets */; };
		13804262192755EA005316A9 /* XCTest.framework in Frameworks */ = {isa = PBXBuildFile; fileRef = 13804261192755EA005316A9 /* XCTest.framework */; };
		13804263192755EA005316A9 /* Foundation.framework in Frameworks */ = {isa = PBXBuildFile; fileRef = 13804242192755EA005316A9 /* Foundation.framework */; };
		13804264192755EA005316A9 /* UIKit.framework in Frameworks */ = {isa = PBXBuildFile; fileRef = 13804246192755EA005316A9 /* UIKit.framework */; };
		1380426C192755EA005316A9 /* InfoPlist.strings in Resources */ = {isa = PBXBuildFile; fileRef = 1380426A192755EA005316A9 /* InfoPlist.strings */; };
		1380426E192755EA005316A9 /* Out_Of_This_WorldTests.m in Sources */ = {isa = PBXBuildFile; fileRef = 1380426D192755EA005316A9 /* Out_Of_This_WorldTests.m */; };
/* End PBXBuildFile section */

/* Begin PBXContainerItemProxy section */
		13804265192755EA005316A9 /* PBXContainerItemProxy */ = {
			isa = PBXContainerItemProxy;
			containerPortal = 13804237192755EA005316A9 /* Project object */;
			proxyType = 1;
			remoteGlobalIDString = 1380423E192755EA005316A9;
			remoteInfo = "Out Of This World";
		};
/* End PBXContainerItemProxy section */

/* Begin PBXFileReference section */
		1380423F192755EA005316A9 /* Out Of This World.app */ = {isa = PBXFileReference; explicitFileType = wrapper.application; includeInIndex = 0; path = "Out Of This World.app"; sourceTree = BUILT_PRODUCTS_DIR; };
		13804242192755EA005316A9 /* Foundation.framework */ = {isa = PBXFileReference; lastKnownFileType = wrapper.framework; name = Foundation.framework; path = System/Library/Frameworks/Foundation.framework; sourceTree = SDKROOT; };
		13804244192755EA005316A9 /* CoreGraphics.framework */ = {isa = PBXFileReference; lastKnownFileType = wrapper.framework; name = CoreGraphics.framework; path = System/Library/Frameworks/CoreGraphics.framework; sourceTree = SDKROOT; };
		13804246192755EA005316A9 /* UIKit.framework */ = {isa = PBXFileReference; lastKnownFileType = wrapper.framework; name = UIKit.framework; path = System/Library/Frameworks/UIKit.framework; sourceTree = SDKROOT; };
		1380424A192755EA005316A9 /* Out Of This World-Info.plist */ = {isa = PBXFileReference; lastKnownFileType = text.plist.xml; path = "Out Of This World-Info.plist"; sourceTree = "<group>"; };
		1380424C192755EA005316A9 /* en */ = {isa = PBXFileReference; lastKnownFileType = text.plist.strings; name = en; path = en.lproj/InfoPlist.strings; sourceTree = "<group>"; };
		1380424E192755EA005316A9 /* main.m */ = {isa = PBXFileReference; lastKnownFileType = sourcecode.c.objc; path = main.m; sourceTree = "<group>"; };
		13804250192755EA005316A9 /* Out Of This World-Prefix.pch */ = {isa = PBXFileReference; lastKnownFileType = sourcecode.c.h; path = "Out Of This World-Prefix.pch"; sourceTree = "<group>"; };
		13804251192755EA005316A9 /* OWAppDelegate.h */ = {isa = PBXFileReference; lastKnownFileType = sourcecode.c.h; path = OWAppDelegate.h; sourceTree = "<group>"; };
		13804252192755EA005316A9 /* OWAppDelegate.m */ = {isa = PBXFileReference; lastKnownFileType = sourcecode.c.objc; path = OWAppDelegate.m; sourceTree = "<group>"; };
		13804255192755EA005316A9 /* Base */ = {isa = PBXFileReference; lastKnownFileType = file.storyboard; name = Base; path = Base.lproj/Main.storyboard; sourceTree = "<group>"; };
		13804257192755EA005316A9 /* OWViewController.h */ = {isa = PBXFileReference; lastKnownFileType = sourcecode.c.h; path = OWViewController.h; sourceTree = "<group>"; };
		13804258192755EA005316A9 /* OWViewController.m */ = {isa = PBXFileReference; lastKnownFileType = sourcecode.c.objc; path = OWViewController.m; sourceTree = "<group>"; };
		1380425A192755EA005316A9 /* Images.xcassets */ = {isa = PBXFileReference; lastKnownFileType = folder.assetcatalog; path = Images.xcassets; sourceTree = "<group>"; };
		13804260192755EA005316A9 /* Out Of This WorldTests.xctest */ = {isa = PBXFileReference; explicitFileType = wrapper.cfbundle; includeInIndex = 0; path = "Out Of This WorldTests.xctest"; sourceTree = BUILT_PRODUCTS_DIR; };
		13804261192755EA005316A9 /* XCTest.framework */ = {isa = PBXFileReference; lastKnownFileType = wrapper.framework; name = XCTest.framework; path = Library/Frameworks/XCTest.framework; sourceTree = DEVELOPER_DIR; };
		13804269192755EA005316A9 /* Out Of This WorldTests-Info.plist */ = {isa = PBXFileReference; lastKnownFileType = text.plist.xml; path = "Out Of This WorldTests-Info.plist"; sourceTree = "<group>"; };
		1380426B192755EA005316A9 /* en */ = {isa = PBXFileReference; lastKnownFileType = text.plist.strings; name = en; path = en.lproj/InfoPlist.strings; sourceTree = "<group>"; };
		1380426D192755EA005316A9 /* Out_Of_This_WorldTests.m */ = {isa = PBXFileReference; lastKnownFileType = sourcecode.c.objc; path = Out_Of_This_WorldTests.m; sourceTree = "<group>"; };
/* End PBXFileReference section */

/* Begin PBXFrameworksBuildPhase section */
		1380423C192755EA005316A9 /* Frameworks */ = {
			isa = PBXFrameworksBuildPhase;
			buildActionMask = 2147483647;
			files = (
				13804245192755EA005316A9 /* CoreGraphics.framework in Frameworks */,
				13804247192755EA005316A9 /* UIKit.framework in Frameworks */,
				13804243192755EA005316A9 /* Foundation.framework in Frameworks */,
			);
			runOnlyForDeploymentPostprocessing = 0;
		};
		1380425D192755EA005316A9 /* Frameworks */ = {
			isa = PBXFrameworksBuildPhase;
			buildActionMask = 2147483647;
			files = (
				13804262192755EA005316A9 /* XCTest.framework in Frameworks */,
				13804264192755EA005316A9 /* UIKit.framework in Frameworks */,
				13804263192755EA005316A9 /* Foundation.framework in Frameworks */,
			);
			runOnlyForDeploymentPostprocessing = 0;
		};
/* End PBXFrameworksBuildPhase section */

/* Begin PBXGroup section */
		13804236192755EA005316A9 = {
			isa = PBXGroup;
			children = (
				13804248192755EA005316A9 /* Out Of This World */,
				13804267192755EA005316A9 /* Out Of This WorldTests */,
				13804241192755EA005316A9 /* Frameworks */,
				13804240192755EA005316A9 /* Products */,
			);
			sourceTree = "<group>";
		};
		13804240192755EA005316A9 /* Products */ = {
			isa = PBXGroup;
			children = (
				1380423F192755EA005316A9 /* Out Of This World.app */,
				13804260192755EA005316A9 /* Out Of This WorldTests.xctest */,
			);
			name = Products;
			sourceTree = "<group>";
		};
		13804241192755EA005316A9 /* Frameworks */ = {
			isa = PBXGroup;
			children = (
				13804242192755EA005316A9 /* Foundation.framework */,
				13804244192755EA005316A9 /* CoreGraphics.framework */,
				13804246192755EA005316A9 /* UIKit.framework */,
				13804261192755EA005316A9 /* XCTest.framework */,
			);
			name = Frameworks;
			sourceTree = "<group>";
		};
		13804248192755EA005316A9 /* Out Of This World */ = {
			isa = PBXGroup;
			children = (
				13804251192755EA005316A9 /* OWAppDelegate.h */,
				13804252192755EA005316A9 /* OWAppDelegate.m */,
				13804254192755EA005316A9 /* Main.storyboard */,
				13804257192755EA005316A9 /* OWViewController.h */,
				13804258192755EA005316A9 /* OWViewController.m */,
				1380425A192755EA005316A9 /* Images.xcassets */,
				13804249192755EA005316A9 /* Supporting Files */,
			);
			path = "Out Of This World";
			sourceTree = "<group>";
		};
		13804249192755EA005316A9 /* Supporting Files */ = {
			isa = PBXGroup;
			children = (
				1380424A192755EA005316A9 /* Out Of This World-Info.plist */,
				1380424B192755EA005316A9 /* InfoPlist.strings */,
				1380424E192755EA005316A9 /* main.m */,
				13804250192755EA005316A9 /* Out Of This World-Prefix.pch */,
			);
			name = "Supporting Files";
			sourceTree = "<group>";
		};
		13804267192755EA005316A9 /* Out Of This WorldTests */ = {
			isa = PBXGroup;
			children = (
				1380426D192755EA005316A9 /* Out_Of_This_WorldTests.m */,
				13804268192755EA005316A9 /* Supporting Files */,
			);
			path = "Out Of This WorldTests";
			sourceTree = "<group>";
		};
		13804268192755EA005316A9 /* Supporting Files */ = {
			isa = PBXGroup;
			children = (
				13804269192755EA005316A9 /* Out Of This WorldTests-Info.plist */,
				1380426A192755EA005316A9 /* InfoPlist.strings */,
			);
			name = "Supporting Files";
			sourceTree = "<group>";
		};
/* End PBXGroup section */

/* Begin PBXNativeTarget section */
		1380423E192755EA005316A9 /* Out Of This World */ = {
			isa = PBXNativeTarget;
			buildConfigurationList = 13804271192755EA005316A9 /* Build configuration list for PBXNativeTarget "Out Of This World" */;
			buildPhases = (
				1380423B192755EA005316A9 /* Sources */,
				1380423C192755EA005316A9 /* Frameworks */,
				1380423D192755EA005316A9 /* Resources */,
			);
			buildRules = (
			);
			dependencies = (
			);
			name = "Out Of This World";
			productName = "Out Of This World";
			productReference = 1380423F192755EA005316A9 /* Out Of This World.app */;
			productType = "com.apple.product-type.application";
		};
		1380425F192755EA005316A9 /* Out Of This WorldTests */ = {
			isa = PBXNativeTarget;
			buildConfigurationList = 13804274192755EA005316A9 /* Build configuration list for PBXNativeTarget "Out Of This WorldTests" */;
			buildPhases = (
				1380425C192755EA005316A9 /* Sources */,
				1380425D192755EA005316A9 /* Frameworks */,
				1380425E192755EA005316A9 /* Resources */,
			);
			buildRules = (
			);
			dependencies = (
				13804266192755EA005316A9 /* PBXTargetDependency */,
			);
			name = "Out Of This WorldTests";
			productName = "Out Of This WorldTests";
			productReference = 13804260192755EA005316A9 /* Out Of This WorldTests.xctest */;
			productType = "com.apple.product-type.bundle.unit-test";
		};
/* End PBXNativeTarget section */

/* Begin PBXProject section */
		13804237192755EA005316A9 /* Project object */ = {
			isa = PBXProject;
			attributes = {
				CLASSPREFIX = OW;
				LastUpgradeCheck = 0510;
				ORGANIZATIONNAME = "Mark Rabins";
				TargetAttributes = {
					1380425F192755EA005316A9 = {
						TestTargetID = 1380423E192755EA005316A9;
					};
				};
			};
			buildConfigurationList = 1380423A192755EA005316A9 /* Build configuration list for PBXProject "Out Of This World" */;
			compatibilityVersion = "Xcode 3.2";
			developmentRegion = English;
			hasScannedForEncodings = 0;
			knownRegions = (
				en,
				Base,
			);
			mainGroup = 13804236192755EA005316A9;
			productRefGroup = 13804240192755EA005316A9 /* Products */;
			projectDirPath = "";
			projectRoot = "";
			targets = (
				1380423E192755EA005316A9 /* Out Of This World */,
				1380425F192755EA005316A9 /* Out Of This WorldTests */,
			);
		};
/* End PBXProject section */

/* Begin PBXResourcesBuildPhase section */
		1380423D192755EA005316A9 /* Resources */ = {
			isa = PBXResourcesBuildPhase;
			buildActionMask = 2147483647;
			files = (
				1380425B192755EA005316A9 /* Images.xcassets in Resources */,
				1380424D192755EA005316A9 /* InfoPlist.strings in Resources */,
				13804256192755EA005316A9 /* Main.storyboard in Resources */,
			);
			runOnlyForDeploymentPostprocessing = 0;
		};
		1380425E192755EA005316A9 /* Resources */ = {
			isa = PBXResourcesBuildPhase;
			buildActionMask = 2147483647;
			files = (
				1380426C192755EA005316A9 /* InfoPlist.strings in Resources */,
			);
			runOnlyForDeploymentPostprocessing = 0;
		};
/* End PBXResourcesBuildPhase section */

/* Begin PBXSourcesBuildPhase section */
		1380423B192755EA005316A9 /* Sources */ = {
			isa = PBXSourcesBuildPhase;
			buildActionMask = 2147483647;
			files = (
				13804253192755EA005316A9 /* OWAppDelegate.m in Sources */,
				13804259192755EA005316A9 /* OWViewController.m in Sources */,
				1380424F192755EA005316A9 /* main.m in Sources */,
			);
			runOnlyForDeploymentPostprocessing = 0;
		};
		1380425C192755EA005316A9 /* Sources */ = {
			isa = PBXSourcesBuildPhase;
			buildActionMask = 2147483647;
			files = (
				1380426E192755EA005316A9 /* Out_Of_This_WorldTests.m in Sources */,
			);
			runOnlyForDeploymentPostprocessing = 0;
		};
/* End PBXSourcesBuildPhase section */

/* Begin PBXTargetDependency section */
		13804266192755EA005316A9 /* PBXTargetDependency */ = {
			isa = PBXTargetDependency;
			target = 1380423E192755EA005316A9 /* Out Of This World */;
			targetProxy = 13804265192755EA005316A9 /* PBXContainerItemProxy */;
		};
/* End PBXTargetDependency section */

/* Begin PBXVariantGroup section */
		1380424B192755EA005316A9 /* InfoPlist.strings */ = {
			isa = PBXVariantGroup;
			children = (
				1380424C192755EA005316A9 /* en */,
			);
			name = InfoPlist.strings;
			sourceTree = "<group>";
		};
		13804254192755EA005316A9 /* Main.storyboard */ = {
			isa = PBXVariantGroup;
			children = (
				13804255192755EA005316A9 /* Base */,
			);
			name = Main.storyboard;
			sourceTree = "<group>";
		};
		1380426A192755EA005316A9 /* InfoPlist.strings */ = {
			isa = PBXVariantGroup;
			children = (
				1380426B192755EA005316A9 /* en */,
			);
			name = InfoPlist.strings;
			sourceTree = "<group>";
		};
/* End PBXVariantGroup section */

/* Begin XCBuildConfiguration section */
		1380426F192755EA005316A9 /* Debug */ = {
			isa = XCBuildConfiguration;
			buildSettings = {
				ALWAYS_SEARCH_USER_PATHS = NO;
				CLANG_CXX_LANGUAGE_STANDARD = "gnu++0x";
				CLANG_CXX_LIBRARY = "libc++";
				CLANG_ENABLE_MODULES = YES;
				CLANG_ENABLE_OBJC_ARC = YES;
				CLANG_WARN_BOOL_CONVERSION = YES;
				CLANG_WARN_CONSTANT_CONVERSION = YES;
				CLANG_WARN_DIRECT_OBJC_ISA_USAGE = YES_ERROR;
				CLANG_WARN_EMPTY_BODY = YES;
				CLANG_WARN_ENUM_CONVERSION = YES;
				CLANG_WARN_INT_CONVERSION = YES;
				CLANG_WARN_OBJC_ROOT_CLASS = YES_ERROR;
				CLANG_WARN__DUPLICATE_METHOD_MATCH = YES;
				"CODE_SIGN_IDENTITY[sdk=iphoneos*]" = "iPhone Developer";
				COPY_PHASE_STRIP = NO;
				GCC_C_LANGUAGE_STANDARD = gnu99;
				GCC_DYNAMIC_NO_PIC = NO;
				GCC_OPTIMIZATION_LEVEL = 0;
				GCC_PREPROCESSOR_DEFINITIONS = (
					"DEBUG=1",
					"$(inherited)",
				);
				GCC_SYMBOLS_PRIVATE_EXTERN = NO;
				GCC_WARN_64_TO_32_BIT_CONVERSION = YES;
				GCC_WARN_ABOUT_RETURN_TYPE = YES_ERROR;
				GCC_WARN_UNDECLARED_SELECTOR = YES;
				GCC_WARN_UNINITIALIZED_AUTOS = YES_AGGRESSIVE;
				GCC_WARN_UNUSED_FUNCTION = YES;
				GCC_WARN_UNUSED_VARIABLE = YES;
				IPHONEOS_DEPLOYMENT_TARGET = 7.1;
				ONLY_ACTIVE_ARCH = YES;
				SDKROOT = iphoneos;
			};
			name = Debug;
		};
		13804270192755EA005316A9 /* Release */ = {
			isa = XCBuildConfiguration;
			buildSettings = {
				ALWAYS_SEARCH_USER_PATHS = NO;
				CLANG_CXX_LANGUAGE_STANDARD = "gnu++0x";
				CLANG_CXX_LIBRARY = "libc++";
				CLANG_ENABLE_MODULES = YES;
				CLANG_ENABLE_OBJC_ARC = YES;
				CLANG_WARN_BOOL_CONVERSION = YES;
				CLANG_WARN_CONSTANT_CONVERSION = YES;
				CLANG_WARN_DIRECT_OBJC_ISA_USAGE = YES_ERROR;
				CLANG_WARN_EMPTY_BODY = YES;
				CLANG_WARN_ENUM_CONVERSION = YES;
				CLANG_WARN_INT_CONVERSION = YES;
				CLANG_WARN_OBJC_ROOT_CLASS = YES_ERROR;
				CLANG_WARN__DUPLICATE_METHOD_MATCH = YES;
				"CODE_SIGN_IDENTITY[sdk=iphoneos*]" = "iPhone Developer";
				COPY_PHASE_STRIP = YES;
				ENABLE_NS_ASSERTIONS = NO;
				GCC_C_LANGUAGE_STANDARD = gnu99;
				GCC_WARN_64_TO_32_BIT_CONVERSION = YES;
				GCC_WARN_ABOUT_RETURN_TYPE = YES_ERROR;
				GCC_WARN_UNDECLARED_SELECTOR = YES;
				GCC_WARN_UNINITIALIZED_AUTOS = YES_AGGRESSIVE;
				GCC_WARN_UNUSED_FUNCTION = YES;
				GCC_WARN_UNUSED_VARIABLE = YES;
				IPHONEOS_DEPLOYMENT_TARGET = 7.1;
				SDKROOT = iphoneos;
				VALIDATE_PRODUCT = YES;
			};
			name = Release;
		};
		13804272192755EA005316A9 /* Debug */ = {
			isa = XCBuildConfiguration;
			buildSettings = {
				ASSETCATALOG_COMPILER_APPICON_NAME = AppIcon;
				ASSETCATALOG_COMPILER_LAUNCHIMAGE_NAME = LaunchImage;
				GCC_PRECOMPILE_PREFIX_HEADER = YES;
				GCC_PREFIX_HEADER = "Out Of This World/Out Of This World-Prefix.pch";
				INFOPLIST_FILE = "Out Of This World/Out Of This World-Info.plist";
				PRODUCT_NAME = "$(TARGET_NAME)";
				WRAPPER_EXTENSION = app;
			};
			name = Debug;
		};
		13804273192755EA005316A9 /* Release */ = {
			isa = XCBuildConfiguration;
			buildSettings = {
				ASSETCATALOG_COMPILER_APPICON_NAME = AppIcon;
				ASSETCATALOG_COMPILER_LAUNCHIMAGE_NAME = LaunchImage;
				GCC_PRECOMPILE_PREFIX_HEADER = YES;
				GCC_PREFIX_HEADER = "Out Of This World/Out Of This World-Prefix.pch";
				INFOPLIST_FILE = "Out Of This World/Out Of This World-Info.plist";
				PRODUCT_NAME = "$(TARGET_NAME)";
				WRAPPER_EXTENSION = app;
			};
			name = Release;
		};
		13804275192755EA005316A9 /* Debug */ = {
			isa = XCBuildConfiguration;
			buildSettings = {
				BUNDLE_LOADER = "$(BUILT_PRODUCTS_DIR)/Out Of This World.app/Out Of This World";
				FRAMEWORK_SEARCH_PATHS = (
					"$(SDKROOT)/Developer/Library/Frameworks",
					"$(inherited)",
					"$(DEVELOPER_FRAMEWORKS_DIR)",
				);
				GCC_PRECOMPILE_PREFIX_HEADER = YES;
				GCC_PREFIX_HEADER = "Out Of This World/Out Of This World-Prefix.pch";
				GCC_PREPROCESSOR_DEFINITIONS = (
					"DEBUG=1",
					"$(inherited)",
				);
				INFOPLIST_FILE = "Out Of This WorldTests/Out Of This WorldTests-Info.plist";
				PRODUCT_NAME = "$(TARGET_NAME)";
				TEST_HOST = "$(BUNDLE_LOADER)";
				WRAPPER_EXTENSION = xctest;
			};
			name = Debug;
		};
		13804276192755EA005316A9 /* Release */ = {
			isa = XCBuildConfiguration;
			buildSettings = {
				BUNDLE_LOADER = "$(BUILT_PRODUCTS_DIR)/Out Of This World.app/Out Of This World";
				FRAMEWORK_SEARCH_PATHS = (
					"$(SDKROOT)/Developer/Library/Frameworks",
					"$(inherited)",
					"$(DEVELOPER_FRAMEWORKS_DIR)",
				);
				GCC_PRECOMPILE_PREFIX_HEADER = YES;
				GCC_PREFIX_HEADER = "Out Of This World/Out Of This World-Prefix.pch";
				INFOPLIST_FILE = "Out Of This WorldTests/Out Of This WorldTests-Info.plist";
				PRODUCT_NAME = "$(TARGET_NAME)";
				TEST_HOST = "$(BUNDLE_LOADER)";
				WRAPPER_EXTENSION = xctest;
			};
			name = Release;
		};
/* End XCBuildConfiguration section */

/* Begin XCConfigurationList section */
		1380423A192755EA005316A9 /* Build configuration list for PBXProject "Out Of This World" */ = {
			isa = XCConfigurationList;
			buildConfigurations = (
				1380426F192755EA005316A9 /* Debug */,
				13804270192755EA005316A9 /* Release */,
			);
			defaultConfigurationIsVisible = 0;
			defaultConfigurationName = Release;
		};
		13804271192755EA005316A9 /* Build configuration list for PBXNativeTarget "Out Of This World" */ = {
			isa = XCConfigurationList;
			buildConfigurations = (
				13804272192755EA005316A9 /* Debug */,
				13804273192755EA005316A9 /* Release */,
			);
			defaultConfigurationIsVisible = 0;
		};
		13804274192755EA005316A9 /* Build configuration list for PBXNativeTarget "Out Of This WorldTests" */ = {
			isa = XCConfigurationList;
			buildConfigurations = (
				13804275192755EA005316A9 /* Debug */,
				13804276192755EA005316A9 /* Release */,
			);
			defaultConfigurationIsVisible = 0;
		};
/* End XCConfigurationList section */
	};
	rootObject = 13804237192755EA005316A9 /* Project object */;
}
